
Microsoft Visual Studio Solution File, Format Version 12.00
# Visual Studio 15
VisualStudioVersion = 15.0.26403.0
MinimumVisualStudioVersion = 10.0.40219.1
Project("{F2A71F9B-5D33-465A-A702-920D77279786}") = "PredictText", "PredictText.fsproj", "{5F868BB9-9D50-4B36-8479-692F6B9D9685}"
EndProject
Project("{FAE04EC0-301F-11D3-BF4B-00C04F79EFBC}") = "PredictTextTestOnCSharp", "..\PredictTextTestOnCSharp\PredictTextTestOnCSharp.csproj", "{A81702DB-5F75-4F95-8888-5CCF1D60A0AA}"
EndProject
Global
	GlobalSection(SolutionConfigurationPlatforms) = preSolution
		Debug|Any CPU = Debug|Any CPU
		Release|Any CPU = Release|Any CPU
	EndGlobalSection
	GlobalSection(ProjectConfigurationPlatforms) = postSolution
		{5F868BB9-9D50-4B36-8479-692F6B9D9685}.Debug|Any CPU.ActiveCfg = Debug|Any CPU
		{5F868BB9-9D50-4B36-8479-692F6B9D9685}.Debug|Any CPU.Build.0 = Debug|Any CPU
		{5F868BB9-9D50-4B36-8479-692F6B9D9685}.Release|Any CPU.ActiveCfg = Release|Any CPU
		{5F868BB9-9D50-4B36-8479-692F6B9D9685}.Release|Any CPU.Build.0 = Release|Any CPU
		{A81702DB-5F75-4F95-8888-5CCF1D60A0AA}.Debug|Any CPU.ActiveCfg = Debug|Any CPU
		{A81702DB-5F75-4F95-8888-5CCF1D60A0AA}.Debug|Any CPU.Build.0 = Debug|Any CPU
		{A81702DB-5F75-4F95-8888-5CCF1D60A0AA}.Release|Any CPU.ActiveCfg = Release|Any CPU
		{A81702DB-5F75-4F95-8888-5CCF1D60A0AA}.Release|Any CPU.Build.0 = Release|Any CPU
	EndGlobalSection
	GlobalSection(SolutionProperties) = preSolution
		HideSolutionNode = FALSE
	EndGlobalSection
EndGlobal
